PODS:
  - Crashlytics (3.8.2):
    - Fabric (~> 1.6.3)
  - Fabric (1.6.9)
  - SimulatorStatusMagic (1.9.1)

DEPENDENCIES:
  - Crashlytics
  - Fabric
  - SimulatorStatusMagic

SPEC CHECKSUMS:
  Crashlytics: 27acca95a01b042a8294291dd6dff27f8f6af6d7
  Fabric: bc5bec42cef4bcf1ee3ce0e218fc518e4b44dfbb
  SimulatorStatusMagic: 0dcd69449f292fa12ab33d39bc3348b4a156da9a

PODFILE CHECKSUM: 1a13c2ffb7c73bc70978cd60d97811209deecdb9

COCOAPODS: 1.0.1
