// !$*UTF8*$!
{
	archiveVersion = 1;
	classes = {
	};
	objectVersion = 46;
	objects = {

/* Begin PBXBuildFile section */
		59CEE05719B0BBE000E5222A /* main.m in Sources */ = {isa = PBXBuildFile; fileRef = 59CEE05619B0BBE000E5222A /* main.m */; };
		59CEE05F19B0BED600E5222A /* MapKit.framework in Frameworks */ = {isa = PBXBuildFile; fileRef = 59CEE05E19B0BED600E5222A /* MapKit.framework */; };
/* End PBXBuildFile section */

/* Begin PBXCopyFilesBuildPhase section */
		59CEE05119B0BBE000E5222A /* CopyFiles */ = {
			isa = PBXCopyFilesBuildPhase;
			buildActionMask = 2147483647;
			dstPath = /usr/share/man/man1/;
			dstSubfolderSpec = 0;
			files = (
			);
			runOnlyForDeploymentPostprocessing = 1;
		};
/* End PBXCopyFilesBuildPhase section */

/* Begin PBXFileReference section */
		59CEE05319B0BBE000E5222A /* aBikePlistMaker */ = {isa = PBXFileReference; explicitFileType = "compiled.mach-o.executable"; includeInIndex = 0; path = aBikePlistMaker; sourceTree = BUILT_PRODUCTS_DIR; };
		59CEE05619B0BBE000E5222A /* main.m */ = {isa = PBXFileReference; lastKnownFileType = sourcecode.c.objc; path = main.m; sourceTree = "<group>"; };
		59CEE05E19B0BED600E5222A /* MapKit.framework */ = {isa = PBXFileReference; lastKnownFileType = wrapper.framework; name = MapKit.framework; path = System/Library/Frameworks/MapKit.framework; sourceTree = SDKROOT; };
/* End PBXFileReference section */

/* Begin PBXFrameworksBuildPhase section */
		59CEE05019B0BBE000E5222A /* Frameworks */ = {
			isa = PBXFrameworksBuildPhase;
			buildActionMask = 2147483647;
			files = (
				59CEE05F19B0BED600E5222A /* MapKit.framework in Frameworks */,
			);
			runOnlyForDeploymentPostprocessing = 0;
		};
/* End PBXFrameworksBuildPhase section */

/* Begin PBXGroup section */
		59CEE04A19B0BBE000E5222A = {
			isa = PBXGroup;
			children = (
				59CEE05E19B0BED600E5222A /* MapKit.framework */,
				59CEE05519B0BBE000E5222A /* aBikePlistMaker */,
				59CEE05419B0BBE000E5222A /* Products */,
			);
			sourceTree = "<group>";
		};
		59CEE05419B0BBE000E5222A /* Products */ = {
			isa = PBXGroup;
			children = (
				59CEE05319B0BBE000E5222A /* aBikePlistMaker */,
			);
			name = Products;
			sourceTree = "<group>";
		};
		59CEE05519B0BBE000E5222A /* aBikePlistMaker */ = {
			isa = PBXGroup;
			children = (
				59CEE05619B0BBE000E5222A /* main.m */,
			);
			path = aBikePlistMaker;
			sourceTree = "<group>";
		};
/* End PBXGroup section */

/* Begin PBXNativeTarget section */
		59CEE05219B0BBE000E5222A /* aBikePlistMaker */ = {
			isa = PBXNativeTarget;
			buildConfigurationList = 59CEE05A19B0BBE000E5222A /* Build configuration list for PBXNativeTarget "aBikePlistMaker" */;
			buildPhases = (
				59CEE04F19B0BBE000E5222A /* Sources */,
				59CEE05019B0BBE000E5222A /* Frameworks */,
				59CEE05119B0BBE000E5222A /* CopyFiles */,
			);
			buildRules = (
			);
			dependencies = (
			);
			name = aBikePlistMaker;
			productName = aBikePlistMaker;
			productReference = 59CEE05319B0BBE000E5222A /* aBikePlistMaker */;
			productType = "com.apple.product-type.tool";
		};
/* End PBXNativeTarget section */

/* Begin PBXProject section */
		59CEE04B19B0BBE000E5222A /* Project object */ = {
			isa = PBXProject;
			attributes = {
				LastUpgradeCheck = 0600;
				ORGANIZATIONNAME = "Clément Padovani";
				TargetAttributes = {
					59CEE05219B0BBE000E5222A = {
						CreatedOnToolsVersion = 6.0;
					};
				};
			};
			buildConfigurationList = 59CEE04E19B0BBE000E5222A /* Build configuration list for PBXProject "aBikePlistMaker" */;
			compatibilityVersion = "Xcode 3.2";
			developmentRegion = English;
			hasScannedForEncodings = 0;
			knownRegions = (
				en,
			);
			mainGroup = 59CEE04A19B0BBE000E5222A;
			productRefGroup = 59CEE05419B0BBE000E5222A /* Products */;
			projectDirPath = "";
			projectRoot = "";
			targets = (
				59CEE05219B0BBE000E5222A /* aBikePlistMaker */,
			);
		};
/* End PBXProject section */

/* Begin PBXSourcesBuildPhase section */
		59CEE04F19B0BBE000E5222A /* Sources */ = {
			isa = PBXSourcesBuildPhase;
			buildActionMask = 2147483647;
			files = (
				59CEE05719B0BBE000E5222A /* main.m in Sources */,
			);
			runOnlyForDeploymentPostprocessing = 0;
		};
/* End PBXSourcesBuildPhase section */

/* Begin XCBuildConfiguration section */
		59CEE05819B0BBE000E5222A /* Debug */ = {
			isa = XCBuildConfiguration;
			buildSettings = {
				ALWAYS_SEARCH_USER_PATHS = NO;
				CLANG_CXX_LANGUAGE_STANDARD = "gnu++0x";
				CLANG_CXX_LIBRARY = "libc++";
				CLANG_ENABLE_MODULES = YES;
				CLANG_ENABLE_OBJC_ARC = YES;
				CLANG_WARN_BOOL_CONVERSION = YES;
				CLANG_WARN_CONSTANT_CONVERSION = YES;
				CLANG_WARN_DIRECT_OBJC_ISA_USAGE = YES_ERROR;
				CLANG_WARN_EMPTY_BODY = YES;
				CLANG_WARN_ENUM_CONVERSION = YES;
				CLANG_WARN_INT_CONVERSION = YES;
				CLANG_WARN_OBJC_ROOT_CLASS = YES_ERROR;
				CLANG_WARN_UNREACHABLE_CODE = YES;
				CLANG_WARN__DUPLICATE_METHOD_MATCH = YES;
				COPY_PHASE_STRIP = NO;
				ENABLE_STRICT_OBJC_MSGSEND = YES;
				GCC_C_LANGUAGE_STANDARD = gnu99;
				GCC_DYNAMIC_NO_PIC = NO;
				GCC_OPTIMIZATION_LEVEL = 0;
				GCC_PREPROCESSOR_DEFINITIONS = (
					"DEBUG=1",
					"$(inherited)",
				);
				GCC_SYMBOLS_PRIVATE_EXTERN = NO;
				GCC_WARN_64_TO_32_BIT_CONVERSION = YES;
				GCC_WARN_ABOUT_RETURN_TYPE = YES_ERROR;
				GCC_WARN_UNDECLARED_SELECTOR = YES;
				GCC_WARN_UNINITIALIZED_AUTOS = YES_AGGRESSIVE;
				GCC_WARN_UNUSED_FUNCTION = YES;
				GCC_WARN_UNUSED_VARIABLE = YES;
				MACOSX_DEPLOYMENT_TARGET = 10.9;
				MTL_ENABLE_DEBUG_INFO = YES;
				ONLY_ACTIVE_ARCH = YES;
				SDKROOT = macosx;
			};
			name = Debug;
		};
		59CEE05919B0BBE000E5222A /* Release */ = {
			isa = XCBuildConfiguration;
			buildSettings = {
				ALWAYS_SEARCH_USER_PATHS = NO;
				CLANG_CXX_LANGUAGE_STANDARD = "gnu++0x";
				CLANG_CXX_LIBRARY = "libc++";
				CLANG_ENABLE_MODULES = YES;
				CLANG_ENABLE_OBJC_ARC = YES;
				CLANG_WARN_BOOL_CONVERSION = YES;
				CLANG_WARN_CONSTANT_CONVERSION = YES;
				CLANG_WARN_DIRECT_OBJC_ISA_USAGE = YES_ERROR;
				CLANG_WARN_EMPTY_BODY = YES;
				CLANG_WARN_ENUM_CONVERSION = YES;
				CLANG_WARN_INT_CONVERSION = YES;
				CLANG_WARN_OBJC_ROOT_CLASS = YES_ERROR;
				CLANG_WARN_UNREACHABLE_CODE = YES;
				CLANG_WARN__DUPLICATE_METHOD_MATCH = YES;
				COPY_PHASE_STRIP = YES;
				DEBUG_INFORMATION_FORMAT = "dwarf-with-dsym";
				ENABLE_NS_ASSERTIONS = NO;
				ENABLE_STRICT_OBJC_MSGSEND = YES;
				GCC_C_LANGUAGE_STANDARD = gnu99;
				GCC_WARN_64_TO_32_BIT_CONVERSION = YES;
				GCC_WARN_ABOUT_RETURN_TYPE = YES_ERROR;
				GCC_WARN_UNDECLARED_SELECTOR = YES;
				GCC_WARN_UNINITIALIZED_AUTOS = YES_AGGRESSIVE;
				GCC_WARN_UNUSED_FUNCTION = YES;
				GCC_WARN_UNUSED_VARIABLE = YES;
				MACOSX_DEPLOYMENT_TARGET = 10.9;
				MTL_ENABLE_DEBUG_INFO = NO;
				SDKROOT = macosx;
			};
			name = Release;
		};
		59CEE05B19B0BBE000E5222A /* Debug */ = {
			isa = XCBuildConfiguration;
			buildSettings = {
				CLANG_ALLOW_NON_MODULAR_INCLUDES_IN_FRAMEWORK_MODULES = YES;
				PRODUCT_NAME = "$(TARGET_NAME)";
			};
			name = Debug;
		};
		59CEE05C19B0BBE000E5222A /* Release */ = {
			isa = XCBuildConfiguration;
			buildSettings = {
				CLANG_ALLOW_NON_MODULAR_INCLUDES_IN_FRAMEWORK_MODULES = YES;
				PRODUCT_NAME = "$(TARGET_NAME)";
			};
			name = Release;
		};
/* End XCBuildConfiguration section */

/* Begin XCConfigurationList section */
		59CEE04E19B0BBE000E5222A /* Build configuration list for PBXProject "aBikePlistMaker" */ = {
			isa = XCConfigurationList;
			buildConfigurations = (
				59CEE05819B0BBE000E5222A /* Debug */,
				59CEE05919B0BBE000E5222A /* Release */,
			);
			defaultConfigurationIsVisible = 0;
			defaultConfigurationName = Release;
		};
		59CEE05A19B0BBE000E5222A /* Build configuration list for PBXNativeTarget "aBikePlistMaker" */ = {
			isa = XCConfigurationList;
			buildConfigurations = (
				59CEE05B19B0BBE000E5222A /* Debug */,
				59CEE05C19B0BBE000E5222A /* Release */,
			);
			defaultConfigurationIsVisible = 0;
		};
/* End XCConfigurationList section */
	};
	rootObject = 59CEE04B19B0BBE000E5222A /* Project object */;
}
